# THIS IS AN AUTOGENERATED FILE. DO NOT EDIT THIS FILE DIRECTLY.
# yarn lockfile v1


gitcr@^1.0.0:
  version "1.0.0"
  resolved "https://registry.yarnpkg.com/gitcr/-/gitcr-1.0.0.tgz#8d442380d5080b06eb49bb680d9a0560d0ba5614"
  integrity sha512-tUM6fcCNpbgakx38tUf6DNUfQ8kb7kL/cfYGj3KMBX1fHSOb7T43GC3pLeVQ9j12zXlQnZW9dZZjNo8hwrHXGw==
